
Microsoft Visual Studio Solution File, Format Version 12.00
# Visual Studio Version 17
VisualStudioVersion = 17.10.35027.167
MinimumVisualStudioVersion = 10.0.40219.1
Project("{FAE04EC0-301F-11D3-BF4B-00C04F79EFBC}") = "aws-secrets-manager", "aws-secrets-manager\aws-secrets-manager.csproj", "{77C27110-58AA-4998-B5BA-1F617D599092}"
EndProject
Global
	GlobalSection(SolutionConfigurationPlatforms) = preSolution
		Debug|Any CPU = Debug|Any CPU
		Release|Any CPU = Release|Any CPU
	EndGlobalSection
	GlobalSection(ProjectConfigurationPlatforms) = postSolution
		{77C27110-58AA-4998-B5BA-1F617D599092}.Debug|Any CPU.ActiveCfg = Debug|Any CPU
		{77C27110-58AA-4998-B5BA-1F617D599092}.Debug|Any CPU.Build.0 = Debug|Any CPU
		{77C27110-58AA-4998-B5BA-1F617D599092}.Release|Any CPU.ActiveCfg = Release|Any CPU
		{77C27110-58AA-4998-B5BA-1F617D599092}.Release|Any CPU.Build.0 = Release|Any CPU
	EndGlobalSection
	GlobalSection(SolutionProperties) = preSolution
		HideSolutionNode = FALSE
	EndGlobalSection
	GlobalSection(ExtensibilityGlobals) = postSolution
		SolutionGuid = {FAC0C513-B97C-40FE-A299-8BC94F7106B5}
	EndGlobalSection
EndGlobal
